// !$*UTF8*$!
{
	archiveVersion = 1;
	classes = {
	};
	objectVersion = 46;
	objects = {

/* Begin PBXAggregateTarget section */
		A9A4E42B16A0B3D200AA4449 /* make gaxb */ = {
			isa = PBXAggregateTarget;
			buildConfigurationList = A9A4E42C16A0B3D200AA4449 /* Build configuration list for PBXAggregateTarget "make gaxb" */;
			buildPhases = (
				A9A4E42F16A0B3D800AA4449 /* ShellScript */,
			);
			dependencies = (
			);
			name = "make gaxb";
			productName = gaxb;
		};
		A9A4E43016A0B4B100AA4449 /* gaxb generate */ = {
			isa = PBXAggregateTarget;
			buildConfigurationList = A9A4E43216A0B4B100AA4449 /* Build configuration list for PBXAggregateTarget "gaxb generate" */;
			buildPhases = (
				A9A4E43116A0B4B100AA4449 /* ShellScript */,
			);
			dependencies = (
				A9A4E9AE16A8B2BF00AA4449 /* PBXTargetDependency */,
			);
			name = "gaxb generate";
			productName = gaxb;
		};
/* End PBXAggregateTarget section */

/* Begin PBXBuildFile section */
		A9A4E3F616A06B0C00AA4449 /* UIKit.framework in Frameworks */ = {isa = PBXBuildFile; fileRef = A9A4E3F516A06B0C00AA4449 /* UIKit.framework */; };
		A9A4E3F816A06B0C00AA4449 /* Foundation.framework in Frameworks */ = {isa = PBXBuildFile; fileRef = A9A4E3F716A06B0C00AA4449 /* Foundation.framework */; };
		A9A4E3FA16A06B0C00AA4449 /* CoreGraphics.framework in Frameworks */ = {isa = PBXBuildFile; fileRef = A9A4E3F916A06B0C00AA4449 /* CoreGraphics.framework */; };
		A9A4E40016A06B0C00AA4449 /* InfoPlist.strings in Resources */ = {isa = PBXBuildFile; fileRef = A9A4E3FE16A06B0C00AA4449 /* InfoPlist.strings */; };
		A9A4E40216A06B0C00AA4449 /* main.m in Sources */ = {isa = PBXBuildFile; fileRef = A9A4E40116A06B0C00AA4449 /* main.m */; };
		A9A4E40616A06B0C00AA4449 /* SPAppDelegate.m in Sources */ = {isa = PBXBuildFile; fileRef = A9A4E40516A06B0C00AA4449 /* SPAppDelegate.m */; };
		A9A4E40816A06B0C00AA4449 /* Default.png in Resources */ = {isa = PBXBuildFile; fileRef = A9A4E40716A06B0C00AA4449 /* Default.png */; };
		A9A4E40A16A06B0C00AA4449 /* Default@2x.png in Resources */ = {isa = PBXBuildFile; fileRef = A9A4E40916A06B0C00AA4449 /* Default@2x.png */; };
		A9A4E40C16A06B0C00AA4449 /* Default-568h@2x.png in Resources */ = {isa = PBXBuildFile; fileRef = A9A4E40B16A06B0C00AA4449 /* Default-568h@2x.png */; };
		A9A4E40F16A06B0C00AA4449 /* MainStoryboard_iPhone.storyboard in Resources */ = {isa = PBXBuildFile; fileRef = A9A4E40D16A06B0C00AA4449 /* MainStoryboard_iPhone.storyboard */; };
		A9A4E41216A06B0C00AA4449 /* MainStoryboard_iPad.storyboard in Resources */ = {isa = PBXBuildFile; fileRef = A9A4E41016A06B0C00AA4449 /* MainStoryboard_iPad.storyboard */; };
		A9A4E41516A06B0C00AA4449 /* SPMasterViewController.m in Sources */ = {isa = PBXBuildFile; fileRef = A9A4E41416A06B0C00AA4449 /* SPMasterViewController.m */; };
		A9A4E41816A06B0C00AA4449 /* SPDetailViewController.m in Sources */ = {isa = PBXBuildFile; fileRef = A9A4E41716A06B0C00AA4449 /* SPDetailViewController.m */; };
		A9A4E44E16A0C0E400AA4449 /* sol.xml in Resources */ = {isa = PBXBuildFile; fileRef = A9A4E44D16A0C0E400AA4449 /* sol.xml */; };
		A9A4E98916A89AD300AA4449 /* Planets_AstronomicalObject.mm in Sources */ = {isa = PBXBuildFile; fileRef = A9A4E97716A89AD300AA4449 /* Planets_AstronomicalObject.mm */; };
		A9A4E98A16A89AD300AA4449 /* Planets_AstronomicalObjectBase.mm in Sources */ = {isa = PBXBuildFile; fileRef = A9A4E97916A89AD300AA4449 /* Planets_AstronomicalObjectBase.mm */; };
		A9A4E98B16A89AD300AA4449 /* Planets_Moon.mm in Sources */ = {isa = PBXBuildFile; fileRef = A9A4E97B16A89AD300AA4449 /* Planets_Moon.mm */; };
		A9A4E98C16A89AD300AA4449 /* Planets_MoonBase.mm in Sources */ = {isa = PBXBuildFile; fileRef = A9A4E97D16A89AD300AA4449 /* Planets_MoonBase.mm */; };
		A9A4E98D16A89AD300AA4449 /* Planets_Planet.mm in Sources */ = {isa = PBXBuildFile; fileRef = A9A4E97F16A89AD300AA4449 /* Planets_Planet.mm */; };
		A9A4E98E16A89AD300AA4449 /* Planets_PlanetBase.mm in Sources */ = {isa = PBXBuildFile; fileRef = A9A4E98116A89AD300AA4449 /* Planets_PlanetBase.mm */; };
		A9A4E98F16A89AD300AA4449 /* Planets_SolarSystem.mm in Sources */ = {isa = PBXBuildFile; fileRef = A9A4E98316A89AD300AA4449 /* Planets_SolarSystem.mm */; };
		A9A4E99016A89AD300AA4449 /* Planets_SolarSystemBase.mm in Sources */ = {isa = PBXBuildFile; fileRef = A9A4E98516A89AD300AA4449 /* Planets_SolarSystemBase.mm */; };
		A9A4E99116A89AD300AA4449 /* Planets_XMLLoader.mm in Sources */ = {isa = PBXBuildFile; fileRef = A9A4E98816A89AD300AA4449 /* Planets_XMLLoader.mm */; };
		A9A4E99B16A89CEA00AA4449 /* NSDataAdditions.m in Sources */ = {isa = PBXBuildFile; fileRef = A9A4E99816A89CEA00AA4449 /* NSDataAdditions.m */; };
		A9A4E99C16A89CEA00AA4449 /* TBXML.m in Sources */ = {isa = PBXBuildFile; fileRef = A9A4E99A16A89CEA00AA4449 /* TBXML.m */; };
		A9A4E99E16A89D2600AA4449 /* libz.1.2.5.dylib in Frameworks */ = {isa = PBXBuildFile; fileRef = A9A4E99D16A89D2600AA4449 /* libz.1.2.5.dylib */; };
/* End PBXBuildFile section */

/* Begin PBXContainerItemProxy section */
		A9A4E43916A0B89400AA4449 /* PBXContainerItemProxy */ = {
			isa = PBXContainerItemProxy;
			containerPortal = A9A4E3E816A06B0C00AA4449 /* Project object */;
			proxyType = 1;
			remoteGlobalIDString = A9A4E43016A0B4B100AA4449;
			remoteInfo = "gaxb generate";
		};
		A9A4E9AD16A8B2BF00AA4449 /* PBXContainerItemProxy */ = {
			isa = PBXContainerItemProxy;
			containerPortal = A9A4E3E816A06B0C00AA4449 /* Project object */;
			proxyType = 1;
			remoteGlobalIDString = A9A4E42B16A0B3D200AA4449;
			remoteInfo = "make gaxb";
		};
/* End PBXContainerItemProxy section */

/* Begin PBXFileReference section */
		A9A4E3F116A06B0C00AA4449 /* BigPlanets.app */ = {isa = PBXFileReference; explicitFileType = wrapper.application; includeInIndex = 0; path = BigPlanets.app; sourceTree = BUILT_PRODUCTS_DIR; };
		A9A4E3F516A06B0C00AA4449 /* UIKit.framework */ = {isa = PBXFileReference; lastKnownFileType = wrapper.framework; name = UIKit.framework; path = System/Library/Frameworks/UIKit.framework; sourceTree = SDKROOT; };
		A9A4E3F716A06B0C00AA4449 /* Foundation.framework */ = {isa = PBXFileReference; lastKnownFileType = wrapper.framework; name = Foundation.framework; path = System/Library/Frameworks/Foundation.framework; sourceTree = SDKROOT; };
		A9A4E3F916A06B0C00AA4449 /* CoreGraphics.framework */ = {isa = PBXFileReference; lastKnownFileType = wrapper.framework; name = CoreGraphics.framework; path = System/Library/Frameworks/CoreGraphics.framework; sourceTree = SDKROOT; };
		A9A4E3FD16A06B0C00AA4449 /* BigPlanets-Info.plist */ = {isa = PBXFileReference; lastKnownFileType = text.plist.xml; path = "BigPlanets-Info.plist"; sourceTree = "<group>"; };
		A9A4E3FF16A06B0C00AA4449 /* en */ = {isa = PBXFileReference; lastKnownFileType = text.plist.strings; name = en; path = en.lproj/InfoPlist.strings; sourceTree = "<group>"; };
		A9A4E40116A06B0C00AA4449 /* main.m */ = {isa = PBXFileReference; lastKnownFileType = sourcecode.c.objc; path = main.m; sourceTree = "<group>"; };
		A9A4E40316A06B0C00AA4449 /* BigPlanets-Prefix.pch */ = {isa = PBXFileReference; lastKnownFileType = sourcecode.c.h; path = "BigPlanets-Prefix.pch"; sourceTree = "<group>"; };
		A9A4E40416A06B0C00AA4449 /* SPAppDelegate.h */ = {isa = PBXFileReference; lastKnownFileType = sourcecode.c.h; path = SPAppDelegate.h; sourceTree = "<group>"; };
		A9A4E40516A06B0C00AA4449 /* SPAppDelegate.m */ = {isa = PBXFileReference; lastKnownFileType = sourcecode.c.objc; path = SPAppDelegate.m; sourceTree = "<group>"; };
		A9A4E40716A06B0C00AA4449 /* Default.png */ = {isa = PBXFileReference; lastKnownFileType = image.png; path = Default.png; sourceTree = "<group>"; };
		A9A4E40916A06B0C00AA4449 /* Default@2x.png */ = {isa = PBXFileReference; lastKnownFileType = image.png; path = "Default@2x.png"; sourceTree = "<group>"; };
		A9A4E40B16A06B0C00AA4449 /* Default-568h@2x.png */ = {isa = PBXFileReference; lastKnownFileType = image.png; path = "Default-568h@2x.png"; sourceTree = "<group>"; };
		A9A4E40E16A06B0C00AA4449 /* en */ = {isa = PBXFileReference; lastKnownFileType = file.storyboard; name = en; path = en.lproj/MainStoryboard_iPhone.storyboard; sourceTree = "<group>"; };
		A9A4E41116A06B0C00AA4449 /* en */ = {isa = PBXFileReference; lastKnownFileType = file.storyboard; name = en; path = en.lproj/MainStoryboard_iPad.storyboard; sourceTree = "<group>"; };
		A9A4E41316A06B0C00AA4449 /* SPMasterViewController.h */ = {isa = PBXFileReference; lastKnownFileType = sourcecode.c.h; path = SPMasterViewController.h; sourceTree = "<group>"; };
		A9A4E41416A06B0C00AA4449 /* SPMasterViewController.m */ = {isa = PBXFileReference; lastKnownFileType = sourcecode.c.objc; path = SPMasterViewController.m; sourceTree = "<group>"; };
		A9A4E41616A06B0C00AA4449 /* SPDetailViewController.h */ = {isa = PBXFileReference; lastKnownFileType = sourcecode.c.h; path = SPDetailViewController.h; sourceTree = "<group>"; };
		A9A4E41716A06B0C00AA4449 /* SPDetailViewController.m */ = {isa = PBXFileReference; lastKnownFileType = sourcecode.c.objc; path = SPDetailViewController.m; sourceTree = "<group>"; };
		A9A4E44D16A0C0E400AA4449 /* sol.xml */ = {isa = PBXFileReference; fileEncoding = 4; lastKnownFileType = text.xml; name = sol.xml; path = BigPlanets/sol.xml; sourceTree = "<group>"; };
		A9A4E97616A89AD300AA4449 /* Planets_AstronomicalObject.h */ = {isa = PBXFileReference; fileEncoding = 4; lastKnownFileType = sourcecode.c.h; path = Planets_AstronomicalObject.h; sourceTree = "<group>"; };
		A9A4E97716A89AD300AA4449 /* Planets_AstronomicalObject.mm */ = {isa = PBXFileReference; fileEncoding = 4; lastKnownFileType = sourcecode.cpp.objcpp; path = Planets_AstronomicalObject.mm; sourceTree = "<group>"; };
		A9A4E97816A89AD300AA4449 /* Planets_AstronomicalObjectBase.h */ = {isa = PBXFileReference; fileEncoding = 4; lastKnownFileType = sourcecode.c.h; path = Planets_AstronomicalObjectBase.h; sourceTree = "<group>"; };
		A9A4E97916A89AD300AA4449 /* Planets_AstronomicalObjectBase.mm */ = {isa = PBXFileReference; fileEncoding = 4; lastKnownFileType = sourcecode.cpp.objcpp; path = Planets_AstronomicalObjectBase.mm; sourceTree = "<group>"; };
		A9A4E97A16A89AD300AA4449 /* Planets_Moon.h */ = {isa = PBXFileReference; fileEncoding = 4; lastKnownFileType = sourcecode.c.h; path = Planets_Moon.h; sourceTree = "<group>"; };
		A9A4E97B16A89AD300AA4449 /* Planets_Moon.mm */ = {isa = PBXFileReference; fileEncoding = 4; lastKnownFileType = sourcecode.cpp.objcpp; path = Planets_Moon.mm; sourceTree = "<group>"; };
		A9A4E97C16A89AD300AA4449 /* Planets_MoonBase.h */ = {isa = PBXFileReference; fileEncoding = 4; lastKnownFileType = sourcecode.c.h; path = Planets_MoonBase.h; sourceTree = "<group>"; };
		A9A4E97D16A89AD300AA4449 /* Planets_MoonBase.mm */ = {isa = PBXFileReference; fileEncoding = 4; lastKnownFileType = sourcecode.cpp.objcpp; path = Planets_MoonBase.mm; sourceTree = "<group>"; };
		A9A4E97E16A89AD300AA4449 /* Planets_Planet.h */ = {isa = PBXFileReference; fileEncoding = 4; lastKnownFileType = sourcecode.c.h; path = Planets_Planet.h; sourceTree = "<group>"; };
		A9A4E97F16A89AD300AA4449 /* Planets_Planet.mm */ = {isa = PBXFileReference; fileEncoding = 4; lastKnownFileType = sourcecode.cpp.objcpp; path = Planets_Planet.mm; sourceTree = "<group>"; };
		A9A4E98016A89AD300AA4449 /* Planets_PlanetBase.h */ = {isa = PBXFileReference; fileEncoding = 4; lastKnownFileType = sourcecode.c.h; path = Planets_PlanetBase.h; sourceTree = "<group>"; };
		A9A4E98116A89AD300AA4449 /* Planets_PlanetBase.mm */ = {isa = PBXFileReference; fileEncoding = 4; lastKnownFileType = sourcecode.cpp.objcpp; path = Planets_PlanetBase.mm; sourceTree = "<group>"; };
		A9A4E98216A89AD300AA4449 /* Planets_SolarSystem.h */ = {isa = PBXFileReference; fileEncoding = 4; lastKnownFileType = sourcecode.c.h; path = Planets_SolarSystem.h; sourceTree = "<group>"; };
		A9A4E98316A89AD300AA4449 /* Planets_SolarSystem.mm */ = {isa = PBXFileReference; fileEncoding = 4; lastKnownFileType = sourcecode.cpp.objcpp; path = Planets_SolarSystem.mm; sourceTree = "<group>"; };
		A9A4E98416A89AD300AA4449 /* Planets_SolarSystemBase.h */ = {isa = PBXFileReference; fileEncoding = 4; lastKnownFileType = sourcecode.c.h; path = Planets_SolarSystemBase.h; sourceTree = "<group>"; };
		A9A4E98516A89AD300AA4449 /* Planets_SolarSystemBase.mm */ = {isa = PBXFileReference; fileEncoding = 4; lastKnownFileType = sourcecode.cpp.objcpp; path = Planets_SolarSystemBase.mm; sourceTree = "<group>"; };
		A9A4E98616A89AD300AA4449 /* Planets_XMLConstants.h */ = {isa = PBXFileReference; fileEncoding = 4; lastKnownFileType = sourcecode.c.h; path = Planets_XMLConstants.h; sourceTree = "<group>"; };
		A9A4E98716A89AD300AA4449 /* Planets_XMLLoader.h */ = {isa = PBXFileReference; fileEncoding = 4; lastKnownFileType = sourcecode.c.h; path = Planets_XMLLoader.h; sourceTree = "<group>"; };
		A9A4E98816A89AD300AA4449 /* Planets_XMLLoader.mm */ = {isa = PBXFileReference; fileEncoding = 4; lastKnownFileType = sourcecode.cpp.objcpp; path = Planets_XMLLoader.mm; sourceTree = "<group>"; };
		A9A4E99716A89CEA00AA4449 /* NSDataAdditions.h */ = {isa = PBXFileReference; fileEncoding = 4; lastKnownFileType = sourcecode.c.h; path = NSDataAdditions.h; sourceTree = "<group>"; };
		A9A4E99816A89CEA00AA4449 /* NSDataAdditions.m */ = {isa = PBXFileReference; fileEncoding = 4; lastKnownFileType = sourcecode.c.objc; path = NSDataAdditions.m; sourceTree = "<group>"; };
		A9A4E99916A89CEA00AA4449 /* TBXML.h */ = {isa = PBXFileReference; fileEncoding = 4; lastKnownFileType = sourcecode.c.h; path = TBXML.h; sourceTree = "<group>"; };
		A9A4E99A16A89CEA00AA4449 /* TBXML.m */ = {isa = PBXFileReference; fileEncoding = 4; lastKnownFileType = sourcecode.c.objc; path = TBXML.m; sourceTree = "<group>"; };
		A9A4E99D16A89D2600AA4449 /* libz.1.2.5.dylib */ = {isa = PBXFileReference; lastKnownFileType = "compiled.mach-o.dylib"; name = libz.1.2.5.dylib; path = usr/lib/libz.1.2.5.dylib; sourceTree = SDKROOT; };
/* End PBXFileReference section */

/* Begin PBXFrameworksBuildPhase section */
		A9A4E3EE16A06B0C00AA4449 /* Frameworks */ = {
			isa = PBXFrameworksBuildPhase;
			buildActionMask = 2147483647;
			files = (
				A9A4E99E16A89D2600AA4449 /* libz.1.2.5.dylib in Frameworks */,
				A9A4E3F616A06B0C00AA4449 /* UIKit.framework in Frameworks */,
				A9A4E3F816A06B0C00AA4449 /* Foundation.framework in Frameworks */,
				A9A4E3FA16A06B0C00AA4449 /* CoreGraphics.framework in Frameworks */,
			);
			runOnlyForDeploymentPostprocessing = 0;
		};
/* End PBXFrameworksBuildPhase section */

/* Begin PBXGroup section */
		A9A4E3E616A06B0C00AA4449 = {
			isa = PBXGroup;
			children = (
				A9A4E44C16A0C0D400AA4449 /* Resources */,
				A9A4E3FB16A06B0C00AA4449 /* BigPlanets */,
				A9A4E3F416A06B0C00AA4449 /* Frameworks */,
				A9A4E3F216A06B0C00AA4449 /* Products */,
			);
			sourceTree = "<group>";
		};
		A9A4E3F216A06B0C00AA4449 /* Products */ = {
			isa = PBXGroup;
			children = (
				A9A4E3F116A06B0C00AA4449 /* BigPlanets.app */,
			);
			name = Products;
			sourceTree = "<group>";
		};
		A9A4E3F416A06B0C00AA4449 /* Frameworks */ = {
			isa = PBXGroup;
			children = (
				A9A4E99D16A89D2600AA4449 /* libz.1.2.5.dylib */,
				A9A4E3F516A06B0C00AA4449 /* UIKit.framework */,
				A9A4E3F716A06B0C00AA4449 /* Foundation.framework */,
				A9A4E3F916A06B0C00AA4449 /* CoreGraphics.framework */,
			);
			name = Frameworks;
			sourceTree = "<group>";
		};
		A9A4E3FB16A06B0C00AA4449 /* BigPlanets */ = {
			isa = PBXGroup;
			children = (
				A9A4E99616A89CE900AA4449 /* TBXML */,
				A9A4E43B16A0B94100AA4449 /* Generated */,
				A9A4E40416A06B0C00AA4449 /* SPAppDelegate.h */,
				A9A4E40516A06B0C00AA4449 /* SPAppDelegate.m */,
				A9A4E40D16A06B0C00AA4449 /* MainStoryboard_iPhone.storyboard */,
				A9A4E41016A06B0C00AA4449 /* MainStoryboard_iPad.storyboard */,
				A9A4E41316A06B0C00AA4449 /* SPMasterViewController.h */,
				A9A4E41416A06B0C00AA4449 /* SPMasterViewController.m */,
				A9A4E41616A06B0C00AA4449 /* SPDetailViewController.h */,
				A9A4E41716A06B0C00AA4449 /* SPDetailViewController.m */,
				A9A4E3FC16A06B0C00AA4449 /* Supporting Files */,
			);
			path = BigPlanets;
			sourceTree = "<group>";
		};
		A9A4E3FC16A06B0C00AA4449 /* Supporting Files */ = {
			isa = PBXGroup;
			children = (
				A9A4E3FD16A06B0C00AA4449 /* BigPlanets-Info.plist */,
				A9A4E3FE16A06B0C00AA4449 /* InfoPlist.strings */,
				A9A4E40116A06B0C00AA4449 /* main.m */,
				A9A4E40316A06B0C00AA4449 /* BigPlanets-Prefix.pch */,
				A9A4E40716A06B0C00AA4449 /* Default.png */,
				A9A4E40916A06B0C00AA4449 /* Default@2x.png */,
				A9A4E40B16A06B0C00AA4449 /* Default-568h@2x.png */,
			);
			name = "Supporting Files";
			sourceTree = "<group>";
		};
		A9A4E43B16A0B94100AA4449 /* Generated */ = {
			isa = PBXGroup;
			children = (
				A9A4E97616A89AD300AA4449 /* Planets_AstronomicalObject.h */,
				A9A4E97716A89AD300AA4449 /* Planets_AstronomicalObject.mm */,
				A9A4E97816A89AD300AA4449 /* Planets_AstronomicalObjectBase.h */,
				A9A4E97916A89AD300AA4449 /* Planets_AstronomicalObjectBase.mm */,
				A9A4E97A16A89AD300AA4449 /* Planets_Moon.h */,
				A9A4E97B16A89AD300AA4449 /* Planets_Moon.mm */,
				A9A4E97C16A89AD300AA4449 /* Planets_MoonBase.h */,
				A9A4E97D16A89AD300AA4449 /* Planets_MoonBase.mm */,
				A9A4E97E16A89AD300AA4449 /* Planets_Planet.h */,
				A9A4E97F16A89AD300AA4449 /* Planets_Planet.mm */,
				A9A4E98016A89AD300AA4449 /* Planets_PlanetBase.h */,
				A9A4E98116A89AD300AA4449 /* Planets_PlanetBase.mm */,
				A9A4E98216A89AD300AA4449 /* Planets_SolarSystem.h */,
				A9A4E98316A89AD300AA4449 /* Planets_SolarSystem.mm */,
				A9A4E98416A89AD300AA4449 /* Planets_SolarSystemBase.h */,
				A9A4E98516A89AD300AA4449 /* Planets_SolarSystemBase.mm */,
				A9A4E98616A89AD300AA4449 /* Planets_XMLConstants.h */,
				A9A4E98716A89AD300AA4449 /* Planets_XMLLoader.h */,
				A9A4E98816A89AD300AA4449 /* Planets_XMLLoader.mm */,
			);
			path = Generated;
			sourceTree = SOURCE_ROOT;
		};
		A9A4E44C16A0C0D400AA4449 /* Resources */ = {
			isa = PBXGroup;
			children = (
				A9A4E44D16A0C0E400AA4449 /* sol.xml */,
			);
			name = Resources;
			sourceTree = "<group>";
		};
		A9A4E99616A89CE900AA4449 /* TBXML */ = {
			isa = PBXGroup;
			children = (
				A9A4E99716A89CEA00AA4449 /* NSDataAdditions.h */,
				A9A4E99816A89CEA00AA4449 /* NSDataAdditions.m */,
				A9A4E99916A89CEA00AA4449 /* TBXML.h */,
				A9A4E99A16A89CEA00AA4449 /* TBXML.m */,
			);
			path = TBXML;
			sourceTree = "<group>";
		};
/* End PBXGroup section */

/* Begin PBXNativeTarget section */
		A9A4E3F016A06B0C00AA4449 /* BigPlanets */ = {
			isa = PBXNativeTarget;
			buildConfigurationList = A9A4E41B16A06B0C00AA4449 /* Build configuration list for PBXNativeTarget "BigPlanets" */;
			buildPhases = (
				A9A4E42A16A0B3B000AA4449 /* ShellScript */,
				A9A4E3ED16A06B0C00AA4449 /* Sources */,
				A9A4E3EE16A06B0C00AA4449 /* Frameworks */,
				A9A4E3EF16A06B0C00AA4449 /* Resources */,
			);
			buildRules = (
			);
			dependencies = (
				A9A4E43A16A0B89400AA4449 /* PBXTargetDependency */,
			);
			name = BigPlanets;
			productName = BigPlanets;
			productReference = A9A4E3F116A06B0C00AA4449 /* BigPlanets.app */;
			productType = "com.apple.product-type.application";
		};
/* End PBXNativeTarget section */

/* Begin PBXProject section */
		A9A4E3E816A06B0C00AA4449 /* Project object */ = {
			isa = PBXProject;
			attributes = {
				CLASSPREFIX = SP;
				LastUpgradeCheck = 0450;
				ORGANIZATIONNAME = "Small Planet Digital";
			};
			buildConfigurationList = A9A4E3EB16A06B0C00AA4449 /* Build configuration list for PBXProject "BigPlanets" */;
			compatibilityVersion = "Xcode 3.2";
			developmentRegion = English;
			hasScannedForEncodings = 0;
			knownRegions = (
				en,
			);
			mainGroup = A9A4E3E616A06B0C00AA4449;
			productRefGroup = A9A4E3F216A06B0C00AA4449 /* Products */;
			projectDirPath = "";
			projectRoot = "";
			targets = (
				A9A4E3F016A06B0C00AA4449 /* BigPlanets */,
				A9A4E42B16A0B3D200AA4449 /* make gaxb */,
				A9A4E43016A0B4B100AA4449 /* gaxb generate */,
			);
		};
/* End PBXProject section */

/* Begin PBXResourcesBuildPhase section */
		A9A4E3EF16A06B0C00AA4449 /* Resources */ = {
			isa = PBXResourcesBuildPhase;
			buildActionMask = 2147483647;
			files = (
				A9A4E40016A06B0C00AA4449 /* InfoPlist.strings in Resources */,
				A9A4E40816A06B0C00AA4449 /* Default.png in Resources */,
				A9A4E40A16A06B0C00AA4449 /* Default@2x.png in Resources */,
				A9A4E40C16A06B0C00AA4449 /* Default-568h@2x.png in Resources */,
				A9A4E40F16A06B0C00AA4449 /* MainStoryboard_iPhone.storyboard in Resources */,
				A9A4E41216A06B0C00AA4449 /* MainStoryboard_iPad.storyboard in Resources */,
				A9A4E44E16A0C0E400AA4449 /* sol.xml in Resources */,
			);
			runOnlyForDeploymentPostprocessing = 0;
		};
/* End PBXResourcesBuildPhase section */

/* Begin PBXShellScriptBuildPhase section */
		A9A4E42A16A0B3B000AA4449 /* ShellScript */ = {
			isa = PBXShellScriptBuildPhase;
			buildActionMask = 2147483647;
			files = (
			);
			inputPaths = (
			);
			outputPaths = (
			);
			runOnlyForDeploymentPostprocessing = 0;
			shellPath = /bin/sh;
			shellScript = "";
		};
		A9A4E42F16A0B3D800AA4449 /* ShellScript */ = {
			isa = PBXShellScriptBuildPhase;
			buildActionMask = 2147483647;
			files = (
			);
			inputPaths = (
			);
			outputPaths = (
			);
			runOnlyForDeploymentPostprocessing = 0;
			shellPath = /bin/sh;
			shellScript = "GAXB_DIR=\"$PROJECT_DIR/../..\"\n\nSDKROOT=\"\"\nSDK_NAME=\"\"\nSDK_NAME=\"\"\nmkdir -p \"$GAXB_DIR//build\"\ncd \"$GAXB_DIR/build\"\ncmake ..\nmake";
		};
		A9A4E43116A0B4B100AA4449 /* ShellScript */ = {
			isa = PBXShellScriptBuildPhase;
			buildActionMask = 2147483647;
			files = (
			);
			inputPaths = (
			);
			outputPaths = (
			);
			runOnlyForDeploymentPostprocessing = 0;
			shellPath = /bin/sh;
			shellScript = "mkdir -p \"$PROJECT_DIR/Generated\"\nGAXB_ROOT=\"$PROJECT_DIR/../..\"\n\nfor xsd_path in $(find \"$PROJECT_DIR/XMLSchema\" -name \"*.xsd\" -print );\ndo\n    mkdir -p \"$PROJECT_DIR/generated/\";\n    \"$GAXB_ROOT/build/gaxb\" objc \"$xsd_path\" -t \"$GAXB_ROOT/templates\" -o \"$PROJECT_DIR/Generated\"\ndone\n";
		};
/* End PBXShellScriptBuildPhase section */

/* Begin PBXSourcesBuildPhase section */
		A9A4E3ED16A06B0C00AA4449 /* Sources */ = {
			isa = PBXSourcesBuildPhase;
			buildActionMask = 2147483647;
			files = (
				A9A4E40216A06B0C00AA4449 /* main.m in Sources */,
				A9A4E40616A06B0C00AA4449 /* SPAppDelegate.m in Sources */,
				A9A4E41516A06B0C00AA4449 /* SPMasterViewController.m in Sources */,
				A9A4E41816A06B0C00AA4449 /* SPDetailViewController.m in Sources */,
				A9A4E98916A89AD300AA4449 /* Planets_AstronomicalObject.mm in Sources */,
				A9A4E98A16A89AD300AA4449 /* Planets_AstronomicalObjectBase.mm in Sources */,
				A9A4E98B16A89AD300AA4449 /* Planets_Moon.mm in Sources */,
				A9A4E98C16A89AD300AA4449 /* Planets_MoonBase.mm in Sources */,
				A9A4E98D16A89AD300AA4449 /* Planets_Planet.mm in Sources */,
				A9A4E98E16A89AD300AA4449 /* Planets_PlanetBase.mm in Sources */,
				A9A4E98F16A89AD300AA4449 /* Planets_SolarSystem.mm in Sources */,
				A9A4E99016A89AD300AA4449 /* Planets_SolarSystemBase.mm in Sources */,
				A9A4E99116A89AD300AA4449 /* Planets_XMLLoader.mm in Sources */,
				A9A4E99B16A89CEA00AA4449 /* NSDataAdditions.m in Sources */,
				A9A4E99C16A89CEA00AA4449 /* TBXML.m in Sources */,
			);
			runOnlyForDeploymentPostprocessing = 0;
		};
/* End PBXSourcesBuildPhase section */

/* Begin PBXTargetDependency section */
		A9A4E43A16A0B89400AA4449 /* PBXTargetDependency */ = {
			isa = PBXTargetDependency;
			target = A9A4E43016A0B4B100AA4449 /* gaxb generate */;
			targetProxy = A9A4E43916A0B89400AA4449 /* PBXContainerItemProxy */;
		};
		A9A4E9AE16A8B2BF00AA4449 /* PBXTargetDependency */ = {
			isa = PBXTargetDependency;
			target = A9A4E42B16A0B3D200AA4449 /* make gaxb */;
			targetProxy = A9A4E9AD16A8B2BF00AA4449 /* PBXContainerItemProxy */;
		};
/* End PBXTargetDependency section */

/* Begin PBXVariantGroup section */
		A9A4E3FE16A06B0C00AA4449 /* InfoPlist.strings */ = {
			isa = PBXVariantGroup;
			children = (
				A9A4E3FF16A06B0C00AA4449 /* en */,
			);
			name = InfoPlist.strings;
			sourceTree = "<group>";
		};
		A9A4E40D16A06B0C00AA4449 /* MainStoryboard_iPhone.storyboard */ = {
			isa = PBXVariantGroup;
			children = (
				A9A4E40E16A06B0C00AA4449 /* en */,
			);
			name = MainStoryboard_iPhone.storyboard;
			sourceTree = "<group>";
		};
		A9A4E41016A06B0C00AA4449 /* MainStoryboard_iPad.storyboard */ = {
			isa = PBXVariantGroup;
			children = (
				A9A4E41116A06B0C00AA4449 /* en */,
			);
			name = MainStoryboard_iPad.storyboard;
			sourceTree = "<group>";
		};
/* End PBXVariantGroup section */

/* Begin XCBuildConfiguration section */
		A9A4E41916A06B0C00AA4449 /* Debug */ = {
			isa = XCBuildConfiguration;
			buildSettings = {
				ALWAYS_SEARCH_USER_PATHS = NO;
				CLANG_CXX_LANGUAGE_STANDARD = "gnu++0x";
				CLANG_CXX_LIBRARY = "libc++";
				CLANG_WARN_EMPTY_BODY = YES;
				CLANG_WARN__DUPLICATE_METHOD_MATCH = YES;
				"CODE_SIGN_IDENTITY[sdk=iphoneos*]" = "iPhone Developer";
				COPY_PHASE_STRIP = NO;
				GCC_C_LANGUAGE_STANDARD = gnu99;
				GCC_DYNAMIC_NO_PIC = NO;
				GCC_OPTIMIZATION_LEVEL = 0;
				GCC_PREPROCESSOR_DEFINITIONS = (
					"DEBUG=1",
					"$(inherited)",
				);
				GCC_SYMBOLS_PRIVATE_EXTERN = NO;
				GCC_WARN_ABOUT_RETURN_TYPE = YES;
				GCC_WARN_UNINITIALIZED_AUTOS = YES;
				GCC_WARN_UNUSED_VARIABLE = YES;
				IPHONEOS_DEPLOYMENT_TARGET = 6.0;
				ONLY_ACTIVE_ARCH = YES;
				SDKROOT = iphoneos;
				TARGETED_DEVICE_FAMILY = "1,2";
			};
			name = Debug;
		};
		A9A4E41A16A06B0C00AA4449 /* Release */ = {
			isa = XCBuildConfiguration;
			buildSettings = {
				ALWAYS_SEARCH_USER_PATHS = NO;
				CLANG_CXX_LANGUAGE_STANDARD = "gnu++0x";
				CLANG_CXX_LIBRARY = "libc++";
				CLANG_WARN_EMPTY_BODY = YES;
				CLANG_WARN__DUPLICATE_METHOD_MATCH = YES;
				"CODE_SIGN_IDENTITY[sdk=iphoneos*]" = "iPhone Developer";
				COPY_PHASE_STRIP = YES;
				GCC_C_LANGUAGE_STANDARD = gnu99;
				GCC_WARN_ABOUT_RETURN_TYPE = YES;
				GCC_WARN_UNINITIALIZED_AUTOS = YES;
				GCC_WARN_UNUSED_VARIABLE = YES;
				IPHONEOS_DEPLOYMENT_TARGET = 6.0;
				OTHER_CFLAGS = "-DNS_BLOCK_ASSERTIONS=1";
				SDKROOT = iphoneos;
				TARGETED_DEVICE_FAMILY = "1,2";
				VALIDATE_PRODUCT = YES;
			};
			name = Release;
		};
		A9A4E41C16A06B0C00AA4449 /* Debug */ = {
			isa = XCBuildConfiguration;
			buildSettings = {
				GCC_PRECOMPILE_PREFIX_HEADER = YES;
				GCC_PREFIX_HEADER = "BigPlanets/BigPlanets-Prefix.pch";
				INFOPLIST_FILE = "BigPlanets/BigPlanets-Info.plist";
				PRODUCT_NAME = "$(TARGET_NAME)";
				WRAPPER_EXTENSION = app;
			};
			name = Debug;
		};
		A9A4E41D16A06B0C00AA4449 /* Release */ = {
			isa = XCBuildConfiguration;
			buildSettings = {
				GCC_PRECOMPILE_PREFIX_HEADER = YES;
				GCC_PREFIX_HEADER = "BigPlanets/BigPlanets-Prefix.pch";
				INFOPLIST_FILE = "BigPlanets/BigPlanets-Info.plist";
				PRODUCT_NAME = "$(TARGET_NAME)";
				WRAPPER_EXTENSION = app;
			};
			name = Release;
		};
		A9A4E42D16A0B3D200AA4449 /* Debug */ = {
			isa = XCBuildConfiguration;
			buildSettings = {
				PRODUCT_NAME = "$(TARGET_NAME)";
			};
			name = Debug;
		};
		A9A4E42E16A0B3D200AA4449 /* Release */ = {
			isa = XCBuildConfiguration;
			buildSettings = {
				PRODUCT_NAME = "$(TARGET_NAME)";
			};
			name = Release;
		};
		A9A4E43316A0B4B100AA4449 /* Debug */ = {
			isa = XCBuildConfiguration;
			buildSettings = {
				PRODUCT_NAME = "make gaxb copy";
			};
			name = Debug;
		};
		A9A4E43416A0B4B100AA4449 /* Release */ = {
			isa = XCBuildConfiguration;
			buildSettings = {
				PRODUCT_NAME = "make gaxb copy";
			};
			name = Release;
		};
/* End XCBuildConfiguration section */

/* Begin XCConfigurationList section */
		A9A4E3EB16A06B0C00AA4449 /* Build configuration list for PBXProject "BigPlanets" */ = {
			isa = XCConfigurationList;
			buildConfigurations = (
				A9A4E41916A06B0C00AA4449 /* Debug */,
				A9A4E41A16A06B0C00AA4449 /* Release */,
			);
			defaultConfigurationIsVisible = 0;
			defaultConfigurationName = Release;
		};
		A9A4E41B16A06B0C00AA4449 /* Build configuration list for PBXNativeTarget "BigPlanets" */ = {
			isa = XCConfigurationList;
			buildConfigurations = (
				A9A4E41C16A06B0C00AA4449 /* Debug */,
				A9A4E41D16A06B0C00AA4449 /* Release */,
			);
			defaultConfigurationIsVisible = 0;
			defaultConfigurationName = Release;
		};
		A9A4E42C16A0B3D200AA4449 /* Build configuration list for PBXAggregateTarget "make gaxb" */ = {
			isa = XCConfigurationList;
			buildConfigurations = (
				A9A4E42D16A0B3D200AA4449 /* Debug */,
				A9A4E42E16A0B3D200AA4449 /* Release */,
			);
			defaultConfigurationIsVisible = 0;
			defaultConfigurationName = Release;
		};
		A9A4E43216A0B4B100AA4449 /* Build configuration list for PBXAggregateTarget "gaxb generate" */ = {
			isa = XCConfigurationList;
			buildConfigurations = (
				A9A4E43316A0B4B100AA4449 /* Debug */,
				A9A4E43416A0B4B100AA4449 /* Release */,
			);
			defaultConfigurationIsVisible = 0;
			defaultConfigurationName = Release;
		};
/* End XCConfigurationList section */
	};
	rootObject = A9A4E3E816A06B0C00AA4449 /* Project object */;
}
