// !$*UTF8*$!
{
	archiveVersion = 1;
	classes = {
	};
	objectVersion = 46;
	objects = {

/* Begin PBXBuildFile section */
		4630CF8914B400DF002405B7 /* main.c in Sources */ = {isa = PBXBuildFile; fileRef = 4630CF8814B400DF002405B7 /* main.c */; };
		4630CF8B14B400EB002405B7 /* liblua.a in Frameworks */ = {isa = PBXBuildFile; fileRef = 4630CF8A14B400EB002405B7 /* liblua.a */; };
/* End PBXBuildFile section */

/* Begin PBXCopyFilesBuildPhase section */
		46FFB2E114B4005300E73D4C /* CopyFiles */ = {
			isa = PBXCopyFilesBuildPhase;
			buildActionMask = 2147483647;
			dstPath = /usr/share/man/man1/;
			dstSubfolderSpec = 0;
			files = (
			);
			runOnlyForDeploymentPostprocessing = 1;
		};
/* End PBXCopyFilesBuildPhase section */

/* Begin PBXFileReference section */
		4630CF8814B400DF002405B7 /* main.c */ = {isa = PBXFileReference; fileEncoding = 4; lastKnownFileType = sourcecode.c.c; path = main.c; sourceTree = SOURCE_ROOT; };
		4630CF8A14B400EB002405B7 /* liblua.a */ = {isa = PBXFileReference; lastKnownFileType = archive.ar; name = liblua.a; path = "lua-5.2.0/src/liblua.a"; sourceTree = SOURCE_ROOT; };
		46FFB2E314B4005300E73D4C /* gaxb */ = {isa = PBXFileReference; explicitFileType = "compiled.mach-o.executable"; includeInIndex = 0; path = gaxb; sourceTree = BUILT_PRODUCTS_DIR; };
/* End PBXFileReference section */

/* Begin PBXFrameworksBuildPhase section */
		46FFB2E014B4005300E73D4C /* Frameworks */ = {
			isa = PBXFrameworksBuildPhase;
			buildActionMask = 2147483647;
			files = (
				4630CF8B14B400EB002405B7 /* liblua.a in Frameworks */,
			);
			runOnlyForDeploymentPostprocessing = 0;
		};
/* End PBXFrameworksBuildPhase section */

/* Begin PBXGroup section */
		46FFB2D814B4005300E73D4C = {
			isa = PBXGroup;
			children = (
				46FFB2E614B4005300E73D4C /* gaxb */,
				46FFB2E414B4005300E73D4C /* Products */,
			);
			sourceTree = "<group>";
		};
		46FFB2E414B4005300E73D4C /* Products */ = {
			isa = PBXGroup;
			children = (
				46FFB2E314B4005300E73D4C /* gaxb */,
			);
			name = Products;
			sourceTree = "<group>";
		};
		46FFB2E614B4005300E73D4C /* gaxb */ = {
			isa = PBXGroup;
			children = (
				4630CF8A14B400EB002405B7 /* liblua.a */,
				4630CF8814B400DF002405B7 /* main.c */,
			);
			path = gaxb;
			sourceTree = "<group>";
		};
/* End PBXGroup section */

/* Begin PBXNativeTarget section */
		46FFB2E214B4005300E73D4C /* gaxb */ = {
			isa = PBXNativeTarget;
			buildConfigurationList = 46FFB2ED14B4005300E73D4C /* Build configuration list for PBXNativeTarget "gaxb" */;
			buildPhases = (
				46FFB2DF14B4005300E73D4C /* Sources */,
				46FFB2E014B4005300E73D4C /* Frameworks */,
				46FFB2E114B4005300E73D4C /* CopyFiles */,
			);
			buildRules = (
			);
			dependencies = (
			);
			name = gaxb;
			productName = gaxb;
			productReference = 46FFB2E314B4005300E73D4C /* gaxb */;
			productType = "com.apple.product-type.tool";
		};
/* End PBXNativeTarget section */

/* Begin PBXProject section */
		46FFB2DA14B4005300E73D4C /* Project object */ = {
			isa = PBXProject;
			attributes = {
				LastUpgradeCheck = 0420;
				ORGANIZATIONNAME = "Chimera Software";
			};
			buildConfigurationList = 46FFB2DD14B4005300E73D4C /* Build configuration list for PBXProject "gaxb" */;
			compatibilityVersion = "Xcode 3.2";
			developmentRegion = English;
			hasScannedForEncodings = 0;
			knownRegions = (
				en,
			);
			mainGroup = 46FFB2D814B4005300E73D4C;
			productRefGroup = 46FFB2E414B4005300E73D4C /* Products */;
			projectDirPath = "";
			projectRoot = "";
			targets = (
				46FFB2E214B4005300E73D4C /* gaxb */,
			);
		};
/* End PBXProject section */

/* Begin PBXSourcesBuildPhase section */
		46FFB2DF14B4005300E73D4C /* Sources */ = {
			isa = PBXSourcesBuildPhase;
			buildActionMask = 2147483647;
			files = (
				4630CF8914B400DF002405B7 /* main.c in Sources */,
			);
			runOnlyForDeploymentPostprocessing = 0;
		};
/* End PBXSourcesBuildPhase section */

/* Begin XCBuildConfiguration section */
		46FFB2EB14B4005300E73D4C /* Debug */ = {
			isa = XCBuildConfiguration;
			buildSettings = {
				ALWAYS_SEARCH_USER_PATHS = NO;
				ARCHS = "$(ARCHS_STANDARD_64_BIT)";
				COPY_PHASE_STRIP = NO;
				GCC_C_LANGUAGE_STANDARD = gnu99;
				GCC_DYNAMIC_NO_PIC = NO;
				GCC_ENABLE_OBJC_EXCEPTIONS = YES;
				GCC_OPTIMIZATION_LEVEL = 0;
				GCC_PREPROCESSOR_DEFINITIONS = (
					"DEBUG=1",
					"$(inherited)",
				);
				GCC_SYMBOLS_PRIVATE_EXTERN = NO;
				GCC_VERSION = com.apple.compilers.llvm.clang.1_0;
				GCC_WARN_64_TO_32_BIT_CONVERSION = YES;
				GCC_WARN_ABOUT_MISSING_PROTOTYPES = YES;
				GCC_WARN_ABOUT_RETURN_TYPE = YES;
				GCC_WARN_UNUSED_VARIABLE = YES;
				HEADER_SEARCH_PATHS = (
					/usr/include/libxml2,
					"$SRCROOT/lua-5.2.0/src",
				);
				MACOSX_DEPLOYMENT_TARGET = 10.7;
				ONLY_ACTIVE_ARCH = YES;
				OTHER_LDFLAGS = (
					"-lxml2",
					"-lz",
					"-lpthread",
					"-licucore",
					"-lm",
				);
				SDKROOT = macosx;
			};
			name = Debug;
		};
		46FFB2EC14B4005300E73D4C /* Release */ = {
			isa = XCBuildConfiguration;
			buildSettings = {
				ALWAYS_SEARCH_USER_PATHS = NO;
				ARCHS = "$(ARCHS_STANDARD_64_BIT)";
				COPY_PHASE_STRIP = YES;
				DEBUG_INFORMATION_FORMAT = "dwarf-with-dsym";
				GCC_C_LANGUAGE_STANDARD = gnu99;
				GCC_ENABLE_OBJC_EXCEPTIONS = YES;
				GCC_VERSION = com.apple.compilers.llvm.clang.1_0;
				GCC_WARN_64_TO_32_BIT_CONVERSION = YES;
				GCC_WARN_ABOUT_MISSING_PROTOTYPES = YES;
				GCC_WARN_ABOUT_RETURN_TYPE = YES;
				GCC_WARN_UNUSED_VARIABLE = YES;
				HEADER_SEARCH_PATHS = (
					/usr/include/libxml2,
					"$SRCROOT/lua-5.2.0/src",
				);
				MACOSX_DEPLOYMENT_TARGET = 10.7;
				OTHER_LDFLAGS = (
					"-lxml2",
					"-lz",
					"-lpthread",
					"-licucore",
					"-lm",
				);
				SDKROOT = macosx;
			};
			name = Release;
		};
		46FFB2EE14B4005300E73D4C /* Debug */ = {
			isa = XCBuildConfiguration;
			buildSettings = {
				LIBRARY_SEARCH_PATHS = (
					"$(inherited)",
					"\"$(SRCROOT)/lua-5.2.0/src\"",
				);
				PRODUCT_NAME = "$(TARGET_NAME)";
			};
			name = Debug;
		};
		46FFB2EF14B4005300E73D4C /* Release */ = {
			isa = XCBuildConfiguration;
			buildSettings = {
				LIBRARY_SEARCH_PATHS = (
					"$(inherited)",
					"\"$(SRCROOT)/lua-5.2.0/src\"",
				);
				PRODUCT_NAME = "$(TARGET_NAME)";
			};
			name = Release;
		};
/* End XCBuildConfiguration section */

/* Begin XCConfigurationList section */
		46FFB2DD14B4005300E73D4C /* Build configuration list for PBXProject "gaxb" */ = {
			isa = XCConfigurationList;
			buildConfigurations = (
				46FFB2EB14B4005300E73D4C /* Debug */,
				46FFB2EC14B4005300E73D4C /* Release */,
			);
			defaultConfigurationIsVisible = 0;
			defaultConfigurationName = Release;
		};
		46FFB2ED14B4005300E73D4C /* Build configuration list for PBXNativeTarget "gaxb" */ = {
			isa = XCConfigurationList;
			buildConfigurations = (
				46FFB2EE14B4005300E73D4C /* Debug */,
				46FFB2EF14B4005300E73D4C /* Release */,
			);
			defaultConfigurationIsVisible = 0;
			defaultConfigurationName = Release;
		};
/* End XCConfigurationList section */
	};
	rootObject = 46FFB2DA14B4005300E73D4C /* Project object */;
}
